// !$*UTF8*$!
{
	archiveVersion = 1;
	classes = {
	};
	objectVersion = 50;
	objects = {

/* Begin PBXBuildFile section */
		AB66C1FC230F3CF8000A6F33 /* AppDelegate.swift in Sources */ = {isa = PBXBuildFile; fileRef = AB66C1FB230F3CF8000A6F33 /* AppDelegate.swift */; };
		AB66C1FE230F3CF8000A6F33 /* ViewController.swift in Sources */ = {isa = PBXBuildFile; fileRef = AB66C1FD230F3CF8000A6F33 /* ViewController.swift */; };
		AB66C201230F3CF8000A6F33 /* Main.storyboard in Resources */ = {isa = PBXBuildFile; fileRef = AB66C1FF230F3CF8000A6F33 /* Main.storyboard */; };
		AB66C203230F3CFC000A6F33 /* Assets.xcassets in Resources */ = {isa = PBXBuildFile; fileRef = AB66C202230F3CFC000A6F33 /* Assets.xcassets */; };
		AB66C206230F3CFC000A6F33 /* LaunchScreen.storyboard in Resources */ = {isa = PBXBuildFile; fileRef = AB66C204230F3CFC000A6F33 /* LaunchScreen.storyboard */; };
		AB72444D231072DC00E3E15D /* SegundaTelaViewController.swift in Sources */ = {isa = PBXBuildFile; fileRef = AB72444C231072DC00E3E15D /* SegundaTelaViewController.swift */; };
/* End PBXBuildFile section */

/* Begin PBXFileReference section */
		AB66C1F8230F3CF8000A6F33 /* Push Notifications.app */ = {isa = PBXFileReference; explicitFileType = wrapper.application; includeInIndex = 0; path = "Push Notifications.app"; sourceTree = BUILT_PRODUCTS_DIR; };
		AB66C1FB230F3CF8000A6F33 /* AppDelegate.swift */ = {isa = PBXFileReference; lastKnownFileType = sourcecode.swift; path = AppDelegate.swift; sourceTree = "<group>"; };
		AB66C1FD230F3CF8000A6F33 /* ViewController.swift */ = {isa = PBXFileReference; lastKnownFileType = sourcecode.swift; path = ViewController.swift; sourceTree = "<group>"; };
		AB66C200230F3CF8000A6F33 /* Base */ = {isa = PBXFileReference; lastKnownFileType = file.storyboard; name = Base; path = Base.lproj/Main.storyboard; sourceTree = "<group>"; };
		AB66C202230F3CFC000A6F33 /* Assets.xcassets */ = {isa = PBXFileReference; lastKnownFileType = folder.assetcatalog; path = Assets.xcassets; sourceTree = "<group>"; };
		AB66C205230F3CFC000A6F33 /* Base */ = {isa = PBXFileReference; lastKnownFileType = file.storyboard; name = Base; path = Base.lproj/LaunchScreen.storyboard; sourceTree = "<group>"; };
		AB66C207230F3CFC000A6F33 /* Info.plist */ = {isa = PBXFileReference; lastKnownFileType = text.plist.xml; path = Info.plist; sourceTree = "<group>"; };
		AB72444B231066E500E3E15D /* Push Notifications.entitlements */ = {isa = PBXFileReference; lastKnownFileType = text.plist.entitlements; path = "Push Notifications.entitlements"; sourceTree = "<group>"; };
		AB72444C231072DC00E3E15D /* SegundaTelaViewController.swift */ = {isa = PBXFileReference; lastKnownFileType = sourcecode.swift; path = SegundaTelaViewController.swift; sourceTree = "<group>"; };
/* End PBXFileReference section */

/* Begin PBXFrameworksBuildPhase section */
		AB66C1F5230F3CF8000A6F33 /* Frameworks */ = {
			isa = PBXFrameworksBuildPhase;
			buildActionMask = 2147483647;
			files = (
			);
			runOnlyForDeploymentPostprocessing = 0;
		};
/* End PBXFrameworksBuildPhase section */

/* Begin PBXGroup section */
		AB66C1EF230F3CF8000A6F33 = {
			isa = PBXGroup;
			children = (
				AB66C1FA230F3CF8000A6F33 /* Push Notifications */,
				AB66C1F9230F3CF8000A6F33 /* Products */,
			);
			sourceTree = "<group>";
		};
		AB66C1F9230F3CF8000A6F33 /* Products */ = {
			isa = PBXGroup;
			children = (
				AB66C1F8230F3CF8000A6F33 /* Push Notifications.app */,
			);
			name = Products;
			sourceTree = "<group>";
		};
		AB66C1FA230F3CF8000A6F33 /* Push Notifications */ = {
			isa = PBXGroup;
			children = (
				AB72444B231066E500E3E15D /* Push Notifications.entitlements */,
				AB66C1FB230F3CF8000A6F33 /* AppDelegate.swift */,
				AB66C1FD230F3CF8000A6F33 /* ViewController.swift */,
				AB72444C231072DC00E3E15D /* SegundaTelaViewController.swift */,
				AB66C1FF230F3CF8000A6F33 /* Main.storyboard */,
				AB66C202230F3CFC000A6F33 /* Assets.xcassets */,
				AB66C204230F3CFC000A6F33 /* LaunchScreen.storyboard */,
				AB66C207230F3CFC000A6F33 /* Info.plist */,
			);
			path = "Push Notifications";
			sourceTree = "<group>";
		};
/* End PBXGroup section */

/* Begin PBXNativeTarget section */
		AB66C1F7230F3CF8000A6F33 /* Push Notifications */ = {
			isa = PBXNativeTarget;
			buildConfigurationList = AB66C20A230F3CFC000A6F33 /* Build configuration list for PBXNativeTarget "Push Notifications" */;
			buildPhases = (
				AB66C1F4230F3CF8000A6F33 /* Sources */,
				AB66C1F5230F3CF8000A6F33 /* Frameworks */,
				AB66C1F6230F3CF8000A6F33 /* Resources */,
			);
			buildRules = (
			);
			dependencies = (
			);
			name = "Push Notifications";
			productName = "Push Notifications";
			productReference = AB66C1F8230F3CF8000A6F33 /* Push Notifications.app */;
			productType = "com.apple.product-type.application";
		};
/* End PBXNativeTarget section */

/* Begin PBXProject section */
		AB66C1F0230F3CF8000A6F33 /* Project object */ = {
			isa = PBXProject;
			attributes = {
				LastSwiftUpdateCheck = 1030;
				LastUpgradeCheck = 1030;
				ORGANIZATIONNAME = "Mariaelena Nascimento Silveira";
				TargetAttributes = {
					AB66C1F7230F3CF8000A6F33 = {
						CreatedOnToolsVersion = 10.3;
						SystemCapabilities = {
							com.apple.Push = {
								enabled = 1;
							};
						};
					};
				};
			};
			buildConfigurationList = AB66C1F3230F3CF8000A6F33 /* Build configuration list for PBXProject "Push Notifications" */;
			compatibilityVersion = "Xcode 9.3";
			developmentRegion = en;
			hasScannedForEncodings = 0;
			knownRegions = (
				en,
				Base,
			);
			mainGroup = AB66C1EF230F3CF8000A6F33;
			productRefGroup = AB66C1F9230F3CF8000A6F33 /* Products */;
			projectDirPath = "";
			projectRoot = "";
			targets = (
				AB66C1F7230F3CF8000A6F33 /* Push Notifications */,
			);
		};
/* End PBXProject section */

/* Begin PBXResourcesBuildPhase section */
		AB66C1F6230F3CF8000A6F33 /* Resources */ = {
			isa = PBXResourcesBuildPhase;
			buildActionMask = 2147483647;
			files = (
				AB66C206230F3CFC000A6F33 /* LaunchScreen.storyboard in Resources */,
				AB66C203230F3CFC000A6F33 /* Assets.xcassets in Resources */,
				AB66C201230F3CF8000A6F33 /* Main.storyboard in Resources */,
			);
			runOnlyForDeploymentPostprocessing = 0;
		};
/* End PBXResourcesBuildPhase section */

/* Begin PBXSourcesBuildPhase section */
		AB66C1F4230F3CF8000A6F33 /* Sources */ = {
			isa = PBXSourcesBuildPhase;
			buildActionMask = 2147483647;
			files = (
				AB66C1FE230F3CF8000A6F33 /* ViewController.swift in Sources */,
				AB72444D231072DC00E3E15D /* SegundaTelaViewController.swift in Sources */,
				AB66C1FC230F3CF8000A6F33 /* AppDelegate.swift in Sources */,
			);
			runOnlyForDeploymentPostprocessing = 0;
		};
/* End PBXSourcesBuildPhase section */

/* Begin PBXVariantGroup section */
		AB66C1FF230F3CF8000A6F33 /* Main.storyboard */ = {
			isa = PBXVariantGroup;
			children = (
				AB66C200230F3CF8000A6F33 /* Base */,
			);
			name = Main.storyboard;
			sourceTree = "<group>";
		};
		AB66C204230F3CFC000A6F33 /* LaunchScreen.storyboard */ = {
			isa = PBXVariantGroup;
			children = (
				AB66C205230F3CFC000A6F33 /* Base */,
			);
			name = LaunchScreen.storyboard;
			sourceTree = "<group>";
		};
/* End PBXVariantGroup section */

/* Begin XCBuildConfiguration section */
		AB66C208230F3CFC000A6F33 /* Debug */ = {
			isa = XCBuildConfiguration;
			buildSettings = {
				ALWAYS_SEARCH_USER_PATHS = NO;
				CLANG_ANALYZER_NONNULL = YES;
				CLANG_ANALYZER_NUMBER_OBJECT_CONVERSION = YES_AGGRESSIVE;
				CLANG_CXX_LANGUAGE_STANDARD = "gnu++14";
				CLANG_CXX_LIBRARY = "libc++";
				CLANG_ENABLE_MODULES = YES;
				CLANG_ENABLE_OBJC_ARC = YES;
				CLANG_ENABLE_OBJC_WEAK = YES;
				CLANG_WARN_BLOCK_CAPTURE_AUTORELEASING = YES;
				CLANG_WARN_BOOL_CONVERSION = YES;
				CLANG_WARN_COMMA = YES;
				CLANG_WARN_CONSTANT_CONVERSION = YES;
				CLANG_WARN_DEPRECATED_OBJC_IMPLEMENTATIONS = YES;
				CLANG_WARN_DIRECT_OBJC_ISA_USAGE = YES_ERROR;
				CLANG_WARN_DOCUMENTATION_COMMENTS = YES;
				CLANG_WARN_EMPTY_BODY = YES;
				CLANG_WARN_ENUM_CONVERSION = YES;
				CLANG_WARN_INFINITE_RECURSION = YES;
				CLANG_WARN_INT_CONVERSION = YES;
				CLANG_WARN_NON_LITERAL_NULL_CONVERSION = YES;
				CLANG_WARN_OBJC_IMPLICIT_RETAIN_SELF = YES;
				CLANG_WARN_OBJC_LITERAL_CONVERSION = YES;
				CLANG_WARN_OBJC_ROOT_CLASS = YES_ERROR;
				CLANG_WARN_RANGE_LOOP_ANALYSIS = YES;
				CLANG_WARN_STRICT_PROTOTYPES = YES;
				CLANG_WARN_SUSPICIOUS_MOVE = YES;
				CLANG_WARN_UNGUARDED_AVAILABILITY = YES_AGGRESSIVE;
				CLANG_WARN_UNREACHABLE_CODE = YES;
				CLANG_WARN__DUPLICATE_METHOD_MATCH = YES;
				CODE_SIGN_IDENTITY = "iPhone Developer";
				COPY_PHASE_STRIP = NO;
				DEBUG_INFORMATION_FORMAT = dwarf;
				ENABLE_STRICT_OBJC_MSGSEND = YES;
				ENABLE_TESTABILITY = YES;
				GCC_C_LANGUAGE_STANDARD = gnu11;
				GCC_DYNAMIC_NO_PIC = NO;
				GCC_NO_COMMON_BLOCKS = YES;
				GCC_OPTIMIZATION_LEVEL = 0;
				GCC_PREPROCESSOR_DEFINITIONS = (
					"DEBUG=1",
					"$(inherited)",
				);
				GCC_WARN_64_TO_32_BIT_CONVERSION = YES;
				GCC_WARN_ABOUT_RETURN_TYPE = YES_ERROR;
				GCC_WARN_UNDECLARED_SELECTOR = YES;
				GCC_WARN_UNINITIALIZED_AUTOS = YES_AGGRESSIVE;
				GCC_WARN_UNUSED_FUNCTION = YES;
				GCC_WARN_UNUSED_VARIABLE = YES;
				IPHONEOS_DEPLOYMENT_TARGET = 12.4;
				MTL_ENABLE_DEBUG_INFO = INCLUDE_SOURCE;
				MTL_FAST_MATH = YES;
				ONLY_ACTIVE_ARCH = YES;
				SDKROOT = iphoneos;
				SWIFT_ACTIVE_COMPILATION_CONDITIONS = DEBUG;
				SWIFT_OPTIMIZATION_LEVEL = "-Onone";
			};
			name = Debug;
		};
		AB66C209230F3CFC000A6F33 /* Release */ = {
			isa = XCBuildConfiguration;
			buildSettings = {
				ALWAYS_SEARCH_USER_PATHS = NO;
				CLANG_ANALYZER_NONNULL = YES;
				CLANG_ANALYZER_NUMBER_OBJECT_CONVERSION = YES_AGGRESSIVE;
				CLANG_CXX_LANGUAGE_STANDARD = "gnu++14";
				CLANG_CXX_LIBRARY = "libc++";
				CLANG_ENABLE_MODULES = YES;
				CLANG_ENABLE_OBJC_ARC = YES;
				CLANG_ENABLE_OBJC_WEAK = YES;
				CLANG_WARN_BLOCK_CAPTURE_AUTORELEASING = YES;
				CLANG_WARN_BOOL_CONVERSION = YES;
				CLANG_WARN_COMMA = YES;
				CLANG_WARN_CONSTANT_CONVERSION = YES;
				CLANG_WARN_DEPRECATED_OBJC_IMPLEMENTATIONS = YES;
				CLANG_WARN_DIRECT_OBJC_ISA_USAGE = YES_ERROR;
				CLANG_WARN_DOCUMENTATION_COMMENTS = YES;
				CLANG_WARN_EMPTY_BODY = YES;
				CLANG_WARN_ENUM_CONVERSION = YES;
				CLANG_WARN_INFINITE_RECURSION = YES;
				CLANG_WARN_INT_CONVERSION = YES;
				CLANG_WARN_NON_LITERAL_NULL_CONVERSION = YES;
				CLANG_WARN_OBJC_IMPLICIT_RETAIN_SELF = YES;
				CLANG_WARN_OBJC_LITERAL_CONVERSION = YES;
				CLANG_WARN_OBJC_ROOT_CLASS = YES_ERROR;
				CLANG_WARN_RANGE_LOOP_ANALYSIS = YES;
				CLANG_WARN_STRICT_PROTOTYPES = YES;
				CLANG_WARN_SUSPICIOUS_MOVE = YES;
				CLANG_WARN_UNGUARDED_AVAILABILITY = YES_AGGRESSIVE;
				CLANG_WARN_UNREACHABLE_CODE = YES;
				CLANG_WARN__DUPLICATE_METHOD_MATCH = YES;
				CODE_SIGN_IDENTITY = "iPhone Developer";
				COPY_PHASE_STRIP = NO;
				DEBUG_INFORMATION_FORMAT = "dwarf-with-dsym";
				ENABLE_NS_ASSERTIONS = NO;
				ENABLE_STRICT_OBJC_MSGSEND = YES;
				GCC_C_LANGUAGE_STANDARD = gnu11;
				GCC_NO_COMMON_BLOCKS = YES;
				GCC_WARN_64_TO_32_BIT_CONVERSION = YES;
				GCC_WARN_ABOUT_RETURN_TYPE = YES_ERROR;
				GCC_WARN_UNDECLARED_SELECTOR = YES;
				GCC_WARN_UNINITIALIZED_AUTOS = YES_AGGRESSIVE;
				GCC_WARN_UNUSED_FUNCTION = YES;
				GCC_WARN_UNUSED_VARIABLE = YES;
				IPHONEOS_DEPLOYMENT_TARGET = 12.4;
				MTL_ENABLE_DEBUG_INFO = NO;
				MTL_FAST_MATH = YES;
				SDKROOT = iphoneos;
				SWIFT_COMPILATION_MODE = wholemodule;
				SWIFT_OPTIMIZATION_LEVEL = "-O";
				VALIDATE_PRODUCT = YES;
			};
			name = Release;
		};
		AB66C20B230F3CFC000A6F33 /* Debug */ = {
			isa = XCBuildConfiguration;
			buildSettings = {
				ASSETCATALOG_COMPILER_APPICON_NAME = AppIcon;
				CODE_SIGN_ENTITLEMENTS = "Push Notifications/Push Notifications.entitlements";
				CODE_SIGN_STYLE = Automatic;
				DEVELOPMENT_TEAM = 7U843434UU;
				INFOPLIST_FILE = "Push Notifications/Info.plist";
				IPHONEOS_DEPLOYMENT_TARGET = 10.0;
				LD_RUNPATH_SEARCH_PATHS = (
					"$(inherited)",
					"@executable_path/Frameworks",
				);
				PRODUCT_BUNDLE_IDENTIFIER = "com.testando.Push-Notifications";
				PRODUCT_NAME = "$(TARGET_NAME)";
				SWIFT_VERSION = 5.0;
				TARGETED_DEVICE_FAMILY = "1,2";
			};
			name = Debug;
		};
		AB66C20C230F3CFC000A6F33 /* Release */ = {
			isa = XCBuildConfiguration;
			buildSettings = {
				ASSETCATALOG_COMPILER_APPICON_NAME = AppIcon;
				CODE_SIGN_ENTITLEMENTS = "Push Notifications/Push Notifications.entitlements";
				CODE_SIGN_STYLE = Automatic;
				DEVELOPMENT_TEAM = 7U843434UU;
				INFOPLIST_FILE = "Push Notifications/Info.plist";
				IPHONEOS_DEPLOYMENT_TARGET = 10.0;
				LD_RUNPATH_SEARCH_PATHS = (
					"$(inherited)",
					"@executable_path/Frameworks",
				);
				PRODUCT_BUNDLE_IDENTIFIER = "com.testando.Push-Notifications";
				PRODUCT_NAME = "$(TARGET_NAME)";
				SWIFT_VERSION = 5.0;
				TARGETED_DEVICE_FAMILY = "1,2";
			};
			name = Release;
		};
/* End XCBuildConfiguration section */

/* Begin XCConfigurationList section */
		AB66C1F3230F3CF8000A6F33 /* Build configuration list for PBXProject "Push Notifications" */ = {
			isa = XCConfigurationList;
			buildConfigurations = (
				AB66C208230F3CFC000A6F33 /* Debug */,
				AB66C209230F3CFC000A6F33 /* Release */,
			);
			defaultConfigurationIsVisible = 0;
			defaultConfigurationName = Release;
		};
		AB66C20A230F3CFC000A6F33 /* Build configuration list for PBXNativeTarget "Push Notifications" */ = {
			isa = XCConfigurationList;
			buildConfigurations = (
				AB66C20B230F3CFC000A6F33 /* Debug */,
				AB66C20C230F3CFC000A6F33 /* Release */,
			);
			defaultConfigurationIsVisible = 0;
			defaultConfigurationName = Release;
		};
/* End XCConfigurationList section */
	};
	rootObject = AB66C1F0230F3CF8000A6F33 /* Project object */;
}
